
Microsoft Visual Studio Solution File, Format Version 12.00
# Visual Studio Version 16
VisualStudioVersion = 16.0.31727.386
MinimumVisualStudioVersion = 10.0.40219.1
Project("{FAE04EC0-301F-11D3-BF4B-00C04F79EFBC}") = "Mohjak.ContactManagement", "Mohjak.ContactManagement.csproj", "{BEA486AA-210E-48AB-A0F8-5E9979ECF1BD}"
EndProject
Global
	GlobalSection(SolutionConfigurationPlatforms) = preSolution
		Debug|Any CPU = Debug|Any CPU
		Release|Any CPU = Release|Any CPU
	EndGlobalSection
	GlobalSection(ProjectConfigurationPlatforms) = postSolution
		{BEA486AA-210E-48AB-A0F8-5E9979ECF1BD}.Debug|Any CPU.ActiveCfg = Debug|Any CPU
		{BEA486AA-210E-48AB-A0F8-5E9979ECF1BD}.Debug|Any CPU.Build.0 = Debug|Any CPU
		{BEA486AA-210E-48AB-A0F8-5E9979ECF1BD}.Release|Any CPU.ActiveCfg = Release|Any CPU
		{BEA486AA-210E-48AB-A0F8-5E9979ECF1BD}.Release|Any CPU.Build.0 = Release|Any CPU
	EndGlobalSection
	GlobalSection(SolutionProperties) = preSolution
		HideSolutionNode = FALSE
	EndGlobalSection
	GlobalSection(ExtensibilityGlobals) = postSolution
		SolutionGuid = {A0FD687E-D8AB-48C7-98EB-7A61FE14962C}
	EndGlobalSection
EndGlobal
